github.com/gregoryv/asserter v0.1.0 h1:p+0pvUOuUCn/rVy7YxafoxfXnYPfVptbExJOrWQy9sc=
github.com/gregoryv/asserter v0.1.0/go.mod h1:iLD46IKZjjleTkmDikemRaDZQldDrq8uwTnygV/hC/M=
github.com/gregoryv/asserter v0.3.0 h1:X7Q4Nx2xcgHQ4TypXp+USUu3Oe/LFF+7hpNFKLFJUZU=
github.com/gregoryv/asserter v0.3.0/go.mod h1:WjMhNLh0zjyvgOQpWWx8Om0n7jlgMzTn7qgKhJeH8ew=
github.com/gregoryv/asserter v0.3.1-0.20200620185907-332cdf62ce04 h1:zK/Yft5oP6Fvd992f7Ct4cH9nqureN2Jz9d2YQ6Aps8=
github.com/gregoryv/asserter v0.3.1-0.20200620185907-332cdf62ce04/go.mod h1:WjMhNLh0zjyvgOQpWWx8Om0n7jlgMzTn7qgKhJeH8ew=
github.com/gregoryv/cli v0.0.0-20180329083318-9f0f54cf147f h1:MTTa4D8Q0iz/kSwkuBlNYZKkxay2gq1GIt9i3nnwaGU=
github.com/gregoryv/cli v0.0.0-20180329083318-9f0f54cf147f/go.mod h1:zrYlwj1/vKPPQ7V++Jw7nIPSwM61ERFQmJ8YAh6zibA=
github.com/gregoryv/find v0.0.0-20180328085109-1bbc2d70c482/go.mod h1:/xxQlO62bzxhyabf2iKJzGJa+VAJy25spLI/6ICTrxU=
github.com/gregoryv/gocyclo v0.0.0-20180305144948-0be7902fabdc h1:chhF7lRELMFmxWl3AWbZ2UT1xQtN9nqFGyhL3jwGWDs=
github.com/gregoryv/gocyclo v0.0.0-20180305144948-0be7902fabdc/go.mod h1:x/QA8cT1gfn/XriQ/CVNX7I8IM4Z2YJAAEWFym2clZI=
github.com/gregoryv/golden v0.2.0 h1:Ldjh9/GNjRewSfVK+D8XQLzhXkEWNalNj5t8P0uzzrc=
github.com/gregoryv/golden v0.2.0/go.mod h1:gwYSBOmvGF+fefo7P1PyBpAqqvYx6S85dmkUaI6QMU4=
github.com/gregoryv/golden v0.3.0 h1:PoBT4Nexn2HEKJRFSrF+CVhS5UlX/fitFD5RTJh2bXs=
github.com/gregoryv/golden v0.3.0/go.mod h1:gwYSBOmvGF+fefo7P1PyBpAqqvYx6S85dmkUaI6QMU4=
github.com/gregoryv/qual v0.2.1/go.mod h1:5M5kejbZgxtswBGeoXC1yh4CP94W3FFv5o60BflBlnY=
github.com/gregoryv/qual v0.3.1 h1:RUdYxRhxkkZSHU0eTH7nTzYgxG7NxEYsMyN6Gnj/qus=
github.com/gregoryv/qual v0.3.1/go.mod h1:dB0ZUMaE5qieQ975kKI7A4CDfg6wgcsPcSlY1SWuq9Y=
